{
  "name": "react-native-simple-auth",
  "version": "2.1.0",
  "lockfileVersion": 1,
  "dependencies": {
    "react-native-safari-view": {
      "version": "2.1.0",
      "resolved": "https://registry.npmjs.org/react-native-safari-view/-/react-native-safari-view-2.1.0.tgz",
      "integrity": "sha1-HgzRLGK855vBdZx+KBZGsIthyVk="
    }
  }
}
